{
  "lockfileVersion": 2,
  "configVersion": 1,
  "workspaces": {
    "": {
      "name": "openchamber-tps",
      "dependencies": {
        "@openchamber/sdk": "^2.0.0",
      },
      "devDependencies": {
        "@types/node": "^22.20.3",
      },
    },
  },
  "packages": {
    "@openchamber/sdk": ["@openchamber/sdk@2.0.0", "", { "dependencies": { "zod": "^4.3.6" }, "bin": { "openchamber-guest-bundle": "scripts/bundle-guest.ts" } }, "sha512-K/tYwbxDZ5qGeQ46X4LYrfUUq3VfO0cEGLNLp+bZrcO92ZBp9+lJijFAptr26iM1ImLrtdkj5FHDCzlnQrMX0w=="],

    "@types/node": ["@types/node@22.20.3", "", { "dependencies": { "undici-types": "~6.21.0" } }, "sha512-DZmzkmwHzXrLPAXPyKNDzlIwMMUZCVacoD25ywdy5YTKGbOx/2ld+Q38Im2zJ0vBuZP5Prd3VZutKZyXwkOS8A=="],

    "undici-types": ["undici-types@6.21.0", "", {}, "sha512-iwDZqg0QAGrg9Rav5H4n0M64c3mkR59cJ6wQp+7C4nI0gsmExaedaYLNO44eT4AtBBwjbTiGPMlt2Md0T9H9JQ=="],

    "zod": ["zod@4.6.5", "", {}, "sha512-v5l/aFXZQeai4awLbOpSoHecE9UiMrnfx75tEXLjNonXVARxQ5mOeipTjROUchszUNCqnE+hqAMujRsRHsut2Q=="],
  }
}
